dependencies:
- name: cert-manager
  repository: oci://quay.io/jetstack/charts
  version: v1.18.2
- name: cert-manager-webhook-netcup
  repository: https://aellwein.github.io/cert-manager-webhook-netcup/charts
  version: 1.0.33
digest: sha256:56af3990faa23cccb40c2edcc9412482a22f47957bfc4c96cb709a625c7d5401
generated: "2025-10-05T21:43:23.34672072+02:00"
